<?xml version="1.0" encoding="utf-8"?>
<Project ToolsVersion="4.0" xmlns="http://schemas.microsoft.com/developer/msbuild/2003">
  <ItemGroup>
    <Filter Include="include">
      <UniqueIdentifier>{efe80de7-55d0-4765-9e28-4dd5fd54d315}</UniqueIdentifier>
    </Filter>
    <Filter Include="src">
      <UniqueIdentifier>{046d0a6f-1e9a-4c57-a844-5782559a39e0}</UniqueIdentifier>
    </Filter>
  </ItemGroup>
  <ItemGroup>
    <ClInclude Include="..\include\android-ifaddrs.h">
      <Filter>include</Filter>
    </ClInclude>
    <ClInclude Include="..\include\Buffer.hpp">
      <Filter>include</Filter>
    </ClInclude>
    <ClInclude Include="..\include\CircleBuffer.hpp">
      <Filter>include</Filter>
    </ClInclude>
    <ClInclude Include="..\include\ClusterSession.h">
      <Filter>include</Filter>
    </ClInclude>
    <ClInclude Include="..\include\ExecutorSession.h">
      <Filter>include</Filter>
    </ClInclude>
    <ClInclude Include="..\include\HTTP.h">
      <Filter>include</Filter>
    </ClInclude>
    <ClInclude Include="..\include\HTTPHandler.h">
      <Filter>include</Filter>
    </ClInclude>
    <ClInclude Include="..\include\HTTPRequest.hpp">
      <Filter>include</Filter>
    </ClInclude>
    <ClInclude Include="..\include\HTTPResponse.hpp">
      <Filter>include</Filter>
    </ClInclude>
    <ClInclude Include="..\include\HTTPRouter.hpp">
      <Filter>include</Filter>
    </ClInclude>
    <ClInclude Include="..\include\HTTPSession.h">
      <Filter>include</Filter>
    </ClInclude>
    <ClInclude Include="..\include\json.hpp">
      <Filter>include</Filter>
    </ClInclude>
    <ClInclude Include="..\include\Logger.hpp">
      <Filter>include</Filter>
    </ClInclude>
    <ClInclude Include="..\include\Macros.h">
      <Filter>include</Filter>
    </ClInclude>
    <ClInclude Include="..\include\Manager.hpp">
      <Filter>include</Filter>
    </ClInclude>
    <ClInclude Include="..\include\maraton.h">
      <Filter>include</Filter>
    </ClInclude>
    <ClInclude Include="..\include\MasterSession.h">
      <Filter>include</Filter>
    </ClInclude>
    <ClInclude Include="..\include\pthread-fixes.h">
      <Filter>include</Filter>
    </ClInclude>
    <ClInclude Include="..\include\Session.h">
      <Filter>include</Filter>
    </ClInclude>
    <ClInclude Include="..\include\SessionManager.hpp">
      <Filter>include</Filter>
    </ClInclude>
    <ClInclude Include="..\include\Singleton.hpp">
      <Filter>include</Filter>
    </ClInclude>
    <ClInclude Include="..\include\stdint-msvc2008.h">
      <Filter>include</Filter>
    </ClInclude>
    <ClInclude Include="..\include\Timer.hpp">
      <Filter>include</Filter>
    </ClInclude>
    <ClInclude Include="..\include\tree.h">
      <Filter>include</Filter>
    </ClInclude>
    <ClInclude Include="..\include\Types.h">
      <Filter>include</Filter>
    </ClInclude>
    <ClInclude Include="..\include\UUID.hpp">
      <Filter>include</Filter>
    </ClInclude>
    <ClInclude Include="..\include\uv.h">
      <Filter>include</Filter>
    </ClInclude>
    <ClInclude Include="..\include\uv-aix.h">
      <Filter>include</Filter>
    </ClInclude>
    <ClInclude Include="..\include\uv-bsd.h">
      <Filter>include</Filter>
    </ClInclude>
    <ClInclude Include="..\include\uv-darwin.h">
      <Filter>include</Filter>
    </ClInclude>
    <ClInclude Include="..\include\uv-errno.h">
      <Filter>include</Filter>
    </ClInclude>
    <ClInclude Include="..\include\uv-linux.h">
      <Filter>include</Filter>
    </ClInclude>
    <ClInclude Include="..\include\UVSockService.h">
      <Filter>include</Filter>
    </ClInclude>
    <ClInclude Include="..\include\uv-sunos.h">
      <Filter>include</Filter>
    </ClInclude>
    <ClInclude Include="..\include\uv-threadpool.h">
      <Filter>include</Filter>
    </ClInclude>
    <ClInclude Include="..\include\uv-unix.h">
      <Filter>include</Filter>
    </ClInclude>
    <ClInclude Include="..\include\uv-version.h">
      <Filter>include</Filter>
    </ClInclude>
    <ClInclude Include="..\include\uv-win.h">
      <Filter>include</Filter>
    </ClInclude>
    <ClInclude Include="..\include\vld.h">
      <Filter>include</Filter>
    </ClInclude>
    <ClInclude Include="..\include\vld_def.h">
      <Filter>include</Filter>
    </ClInclude>
    <ClInclude Include="..\include\Zlib.hpp">
      <Filter>include</Filter>
    </ClInclude>
    <ClInclude Include="..\include\Message.h">
      <Filter>include</Filter>
    </ClInclude>
    <ClInclude Include="..\include\RESTSession.h">
      <Filter>include</Filter>
    </ClInclude>
  </ItemGroup>
  <ItemGroup>
    <ClCompile Include="..\src\ClusterSession.cpp">
      <Filter>src</Filter>
    </ClCompile>
    <ClCompile Include="..\src\ExecutorSession.cpp">
      <Filter>src</Filter>
    </ClCompile>
    <ClCompile Include="..\src\HTTPHandler.cpp">
      <Filter>src</Filter>
    </ClCompile>
    <ClCompile Include="..\src\HTTPSession.cpp">
      <Filter>src</Filter>
    </ClCompile>
    <ClCompile Include="..\src\MasterSession.cpp">
      <Filter>src</Filter>
    </ClCompile>
    <ClCompile Include="..\src\Session.cpp">
      <Filter>src</Filter>
    </ClCompile>
    <ClCompile Include="..\src\UVSockService.cpp">
      <Filter>src</Filter>
    </ClCompile>
    <ClCompile Include="..\src\Message.cpp">
      <Filter>src</Filter>
    </ClCompile>
    <ClCompile Include="..\src\RESTSession.cpp">
      <Filter>src</Filter>
    </ClCompile>
  </ItemGroup>
</Project>